
Microsoft Visual Studio Solution File, Format Version 12.00
# Visual Studio Version 17
VisualStudioVersion = 17.5.33530.505
MinimumVisualStudioVersion = 10.0.40219.1
Project("{FAE04EC0-301F-11D3-BF4B-00C04F79EFBC}") = "ControleMedicamentos.ConsoleApp", "ControleMedicamentos.ConsoleApp\ControleMedicamentos.ConsoleApp.csproj", "{B8F612CF-4529-42E9-BD5D-8BF94BCB2DCB}"
EndProject
Global
	GlobalSection(SolutionConfigurationPlatforms) = preSolution
		Debug|Any CPU = Debug|Any CPU
		Release|Any CPU = Release|Any CPU
	EndGlobalSection
	GlobalSection(ProjectConfigurationPlatforms) = postSolution
		{B8F612CF-4529-42E9-BD5D-8BF94BCB2DCB}.Debug|Any CPU.ActiveCfg = Debug|Any CPU
		{B8F612CF-4529-42E9-BD5D-8BF94BCB2DCB}.Debug|Any CPU.Build.0 = Debug|Any CPU
		{B8F612CF-4529-42E9-BD5D-8BF94BCB2DCB}.Release|Any CPU.ActiveCfg = Release|Any CPU
		{B8F612CF-4529-42E9-BD5D-8BF94BCB2DCB}.Release|Any CPU.Build.0 = Release|Any CPU
	EndGlobalSection
	GlobalSection(SolutionProperties) = preSolution
		HideSolutionNode = FALSE
	EndGlobalSection
	GlobalSection(ExtensibilityGlobals) = postSolution
		SolutionGuid = {3B46975B-9FC2-49B1-B149-3E4F2DB49501}
	EndGlobalSection
EndGlobal
